Microsoft Visual Studio Solution File, Format Version 12.00
# Visual Studio Version 17
VisualStudioVersion = 17.5.2.0
MinimumVisualStudioVersion = 10.0.40219.1
Project("{FAE04EC0-301F-11D3-BF4B-00C04F79EFBC}") = "LaborControl.Web", "LaborControl.Web.csproj", "{A53B2711-180A-2FD4-0200-BFF6EA27C3C3}"
EndProject
Global
	GlobalSection(SolutionConfigurationPlatforms) = preSolution
		Debug|Any CPU = Debug|Any CPU
		Release|Any CPU = Release|Any CPU
	EndGlobalSection
	GlobalSection(ProjectConfigurationPlatforms) = postSolution
		{A53B2711-180A-2FD4-0200-BFF6EA27C3C3}.Debug|Any CPU.ActiveCfg = Debug|Any CPU
		{A53B2711-180A-2FD4-0200-BFF6EA27C3C3}.Debug|Any CPU.Build.0 = Debug|Any CPU
		{A53B2711-180A-2FD4-0200-BFF6EA27C3C3}.Release|Any CPU.ActiveCfg = Release|Any CPU
		{A53B2711-180A-2FD4-0200-BFF6EA27C3C3}.Release|Any CPU.Build.0 = Release|Any CPU
	EndGlobalSection
	GlobalSection(SolutionProperties) = preSolution
		HideSolutionNode = FALSE
	EndGlobalSection
	GlobalSection(ExtensibilityGlobals) = postSolution
		SolutionGuid = {21D6F241-6AEA-403E-BDF0-0F257E293729}
	EndGlobalSection
EndGlobal
